
Microsoft Visual Studio Solution File, Format Version 12.00
# Visual Studio Version 17
VisualStudioVersion = 17.2.32519.379
MinimumVisualStudioVersion = 10.0.40219.1
Project("{9A19103F-16F7-4668-BE54-9A1E7A4F7556}") = "RabbitMq_Publisher", "RabbitMq_Publisher\RabbitMq_Publisher.csproj", "{D5CC4996-6B44-42AC-8B37-EE6D714DE875}"
EndProject
Project("{9A19103F-16F7-4668-BE54-9A1E7A4F7556}") = "RabbitMq_Consumer", "RabbitMq_Consumer\RabbitMq_Consumer.csproj", "{2CB7CE31-1F1E-4117-9F63-498129311B8A}"
EndProject
Project("{2150E333-8FDC-42A3-9474-1A3956D46DE8}") = "Simple", "Simple", "{476E40F9-27B1-4608-8C5A-D4892244FA90}"
EndProject
Global
	GlobalSection(SolutionConfigurationPlatforms) = preSolution
		Debug|Any CPU = Debug|Any CPU
		Release|Any CPU = Release|Any CPU
	EndGlobalSection
	GlobalSection(ProjectConfigurationPlatforms) = postSolution
		{D5CC4996-6B44-42AC-8B37-EE6D714DE875}.Debug|Any CPU.ActiveCfg = Debug|Any CPU
		{D5CC4996-6B44-42AC-8B37-EE6D714DE875}.Debug|Any CPU.Build.0 = Debug|Any CPU
		{D5CC4996-6B44-42AC-8B37-EE6D714DE875}.Release|Any CPU.ActiveCfg = Release|Any CPU
		{D5CC4996-6B44-42AC-8B37-EE6D714DE875}.Release|Any CPU.Build.0 = Release|Any CPU
		{2CB7CE31-1F1E-4117-9F63-498129311B8A}.Debug|Any CPU.ActiveCfg = Debug|Any CPU
		{2CB7CE31-1F1E-4117-9F63-498129311B8A}.Debug|Any CPU.Build.0 = Debug|Any CPU
		{2CB7CE31-1F1E-4117-9F63-498129311B8A}.Release|Any CPU.ActiveCfg = Release|Any CPU
		{2CB7CE31-1F1E-4117-9F63-498129311B8A}.Release|Any CPU.Build.0 = Release|Any CPU
	EndGlobalSection
	GlobalSection(SolutionProperties) = preSolution
		HideSolutionNode = FALSE
	EndGlobalSection
	GlobalSection(NestedProjects) = preSolution
		{D5CC4996-6B44-42AC-8B37-EE6D714DE875} = {476E40F9-27B1-4608-8C5A-D4892244FA90}
		{2CB7CE31-1F1E-4117-9F63-498129311B8A} = {476E40F9-27B1-4608-8C5A-D4892244FA90}
	EndGlobalSection
	GlobalSection(ExtensibilityGlobals) = postSolution
		SolutionGuid = {18A062BA-AAFE-4727-8679-08386C000006}
	EndGlobalSection
EndGlobal
